
Microsoft Visual Studio Solution File, Format Version 12.00
# Visual Studio 14
VisualStudioVersion = 14.0.25420.1
MinimumVisualStudioVersion = 10.0.40219.1
Project("{FAE04EC0-301F-11D3-BF4B-00C04F79EFBC}") = "switch", "switch\switch.csproj", "{AB7BA24A-137A-4926-AFB8-DCDAF51D9E1C}"
EndProject
Global
	GlobalSection(SolutionConfigurationPlatforms) = preSolution
		Debug|Any CPU = Debug|Any CPU
		Release|Any CPU = Release|Any CPU
	EndGlobalSection
	GlobalSection(ProjectConfigurationPlatforms) = postSolution
		{AB7BA24A-137A-4926-AFB8-DCDAF51D9E1C}.Debug|Any CPU.ActiveCfg = Debug|Any CPU
		{AB7BA24A-137A-4926-AFB8-DCDAF51D9E1C}.Debug|Any CPU.Build.0 = Debug|Any CPU
		{AB7BA24A-137A-4926-AFB8-DCDAF51D9E1C}.Release|Any CPU.ActiveCfg = Release|Any CPU
		{AB7BA24A-137A-4926-AFB8-DCDAF51D9E1C}.Release|Any CPU.Build.0 = Release|Any CPU
	EndGlobalSection
	GlobalSection(SolutionProperties) = preSolution
		HideSolutionNode = FALSE
	EndGlobalSection
EndGlobal
